
Microsoft Visual Studio Solution File, Format Version 12.00
# Visual Studio Version 17
VisualStudioVersion = 17.4.33103.184
MinimumVisualStudioVersion = 10.0.40219.1
Project("{FAE04EC0-301F-11D3-BF4B-00C04F79EFBC}") = "Lab06_Avramyshyn", "Lab06_Avramyshyn\Lab06_Avramyshyn.csproj", "{CDB5FEBE-F817-4ADD-9897-5DFAF89321C3}"
EndProject
Global
	GlobalSection(SolutionConfigurationPlatforms) = preSolution
		Debug|Any CPU = Debug|Any CPU
		Release|Any CPU = Release|Any CPU
	EndGlobalSection
	GlobalSection(ProjectConfigurationPlatforms) = postSolution
		{CDB5FEBE-F817-4ADD-9897-5DFAF89321C3}.Debug|Any CPU.ActiveCfg = Debug|Any CPU
		{CDB5FEBE-F817-4ADD-9897-5DFAF89321C3}.Debug|Any CPU.Build.0 = Debug|Any CPU
		{CDB5FEBE-F817-4ADD-9897-5DFAF89321C3}.Release|Any CPU.ActiveCfg = Release|Any CPU
		{CDB5FEBE-F817-4ADD-9897-5DFAF89321C3}.Release|Any CPU.Build.0 = Release|Any CPU
	EndGlobalSection
	GlobalSection(SolutionProperties) = preSolution
		HideSolutionNode = FALSE
	EndGlobalSection
	GlobalSection(ExtensibilityGlobals) = postSolution
		SolutionGuid = {ECEBE750-0742-49D4-AE50-A161562FD888}
	EndGlobalSection
EndGlobal
